
Microsoft Visual Studio Solution File, Format Version 12.00
# Visual Studio Version 16
VisualStudioVersion = 16.0.29709.97
MinimumVisualStudioVersion = 10.0.40219.1
Project("{FAE04EC0-301F-11D3-BF4B-00C04F79EFBC}") = "FastraxGlobal.API", "FastraxGlobal.API.csproj", "{40F0E663-E64A-4EAC-8320-A4DD9CAA3B03}"
EndProject
Project("{FAE04EC0-301F-11D3-BF4B-00C04F79EFBC}") = "FastraxGlobal.Infrastructure", "..\FastraxGlobal.Infrastructure\FastraxGlobal.Infrastructure.csproj", "{AE8BA1E2-228D-42C8-9B7D-4937302A1A3B}"
EndProject
Project("{FAE04EC0-301F-11D3-BF4B-00C04F79EFBC}") = "FastraxGlobal.Domain", "..\FastraxGlobal.Domain\FastraxGlobal.Domain.csproj", "{BCEA8E7F-CAF6-40A0-AA07-9CB218F88BF9}"
EndProject
Global
	GlobalSection(SolutionConfigurationPlatforms) = preSolution
		Debug|Any CPU = Debug|Any CPU
		Release|Any CPU = Release|Any CPU
	EndGlobalSection
	GlobalSection(ProjectConfigurationPlatforms) = postSolution
		{40F0E663-E64A-4EAC-8320-A4DD9CAA3B03}.Debug|Any CPU.ActiveCfg = Debug|Any CPU
		{40F0E663-E64A-4EAC-8320-A4DD9CAA3B03}.Debug|Any CPU.Build.0 = Debug|Any CPU
		{40F0E663-E64A-4EAC-8320-A4DD9CAA3B03}.Release|Any CPU.ActiveCfg = Release|Any CPU
		{40F0E663-E64A-4EAC-8320-A4DD9CAA3B03}.Release|Any CPU.Build.0 = Release|Any CPU
		{AE8BA1E2-228D-42C8-9B7D-4937302A1A3B}.Debug|Any CPU.ActiveCfg = Debug|Any CPU
		{AE8BA1E2-228D-42C8-9B7D-4937302A1A3B}.Debug|Any CPU.Build.0 = Debug|Any CPU
		{AE8BA1E2-228D-42C8-9B7D-4937302A1A3B}.Release|Any CPU.ActiveCfg = Release|Any CPU
		{AE8BA1E2-228D-42C8-9B7D-4937302A1A3B}.Release|Any CPU.Build.0 = Release|Any CPU
		{BCEA8E7F-CAF6-40A0-AA07-9CB218F88BF9}.Debug|Any CPU.ActiveCfg = Debug|Any CPU
		{BCEA8E7F-CAF6-40A0-AA07-9CB218F88BF9}.Debug|Any CPU.Build.0 = Debug|Any CPU
		{BCEA8E7F-CAF6-40A0-AA07-9CB218F88BF9}.Release|Any CPU.ActiveCfg = Release|Any CPU
		{BCEA8E7F-CAF6-40A0-AA07-9CB218F88BF9}.Release|Any CPU.Build.0 = Release|Any CPU
	EndGlobalSection
	GlobalSection(SolutionProperties) = preSolution
		HideSolutionNode = FALSE
	EndGlobalSection
	GlobalSection(ExtensibilityGlobals) = postSolution
		SolutionGuid = {DB2A5ED6-5E02-4CAF-8586-100406F9749A}
	EndGlobalSection
EndGlobal
